
Microsoft Visual Studio Solution File, Format Version 12.00
# Visual Studio 15
VisualStudioVersion = 15.0.27703.2000
MinimumVisualStudioVersion = 10.0.40219.1
Project("{8BC9CEB8-8B4A-11D0-8D11-00A0C91BC942}") = "Exam1", "Exam1\Exam1.vcxproj", "{D8651719-3871-4436-8B25-17D2A607DDDD}"
EndProject
Global
	GlobalSection(SolutionConfigurationPlatforms) = preSolution
		Debug|x64 = Debug|x64
		Debug|x86 = Debug|x86
		Release|x64 = Release|x64
		Release|x86 = Release|x86
	EndGlobalSection
	GlobalSection(ProjectConfigurationPlatforms) = postSolution
		{D8651719-3871-4436-8B25-17D2A607DDDD}.Debug|x64.ActiveCfg = Debug|x64
		{D8651719-3871-4436-8B25-17D2A607DDDD}.Debug|x64.Build.0 = Debug|x64
		{D8651719-3871-4436-8B25-17D2A607DDDD}.Debug|x86.ActiveCfg = Debug|Win32
		{D8651719-3871-4436-8B25-17D2A607DDDD}.Debug|x86.Build.0 = Debug|Win32
		{D8651719-3871-4436-8B25-17D2A607DDDD}.Release|x64.ActiveCfg = Release|x64
		{D8651719-3871-4436-8B25-17D2A607DDDD}.Release|x64.Build.0 = Release|x64
		{D8651719-3871-4436-8B25-17D2A607DDDD}.Release|x86.ActiveCfg = Release|Win32
		{D8651719-3871-4436-8B25-17D2A607DDDD}.Release|x86.Build.0 = Release|Win32
	EndGlobalSection
	GlobalSection(SolutionProperties) = preSolution
		HideSolutionNode = FALSE
	EndGlobalSection
	GlobalSection(ExtensibilityGlobals) = postSolution
		SolutionGuid = {44660F9E-709D-4BFD-825B-2C8A60A417C4}
	EndGlobalSection
EndGlobal
